
Microsoft Visual Studio Solution File, Format Version 12.00
# Visual Studio Version 16
VisualStudioVersion = 16.0.31005.135
MinimumVisualStudioVersion = 10.0.40219.1
Project("{FAE04EC0-301F-11D3-BF4B-00C04F79EFBC}") = "TwitterContentFeeder", "TwitterContentFeeder.csproj", "{4842BE59-5B84-46A4-AACB-155685C16AA6}"
EndProject
Global
	GlobalSection(SolutionConfigurationPlatforms) = preSolution
		Debug|Any CPU = Debug|Any CPU
		Release|Any CPU = Release|Any CPU
	EndGlobalSection
	GlobalSection(ProjectConfigurationPlatforms) = postSolution
		{4842BE59-5B84-46A4-AACB-155685C16AA6}.Debug|Any CPU.ActiveCfg = Debug|Any CPU
		{4842BE59-5B84-46A4-AACB-155685C16AA6}.Debug|Any CPU.Build.0 = Debug|Any CPU
		{4842BE59-5B84-46A4-AACB-155685C16AA6}.Release|Any CPU.ActiveCfg = Release|Any CPU
		{4842BE59-5B84-46A4-AACB-155685C16AA6}.Release|Any CPU.Build.0 = Release|Any CPU
	EndGlobalSection
	GlobalSection(SolutionProperties) = preSolution
		HideSolutionNode = FALSE
	EndGlobalSection
	GlobalSection(ExtensibilityGlobals) = postSolution
		SolutionGuid = {2FD4CA2C-0651-4D49-9177-E42EEDF919A8}
	EndGlobalSection
EndGlobal
